
Microsoft Visual Studio Solution File, Format Version 11.00
# Visual Studio 2010
Project("{FAE04EC0-301F-11D3-BF4B-00C04F79EFBC}") = "Assembly-CSharp", "Assembly-CSharp.csproj", "{0c44eab6-115f-9d78-bc8f-6937dd9fe2ea}"
EndProject
Project("{FAE04EC0-301F-11D3-BF4B-00C04F79EFBC}") = "io.sentry.unity.runtime", "io.sentry.unity.runtime.csproj", "{8af1a16a-de03-0ab5-0cbc-58e3af48eea5}"
EndProject
Global
	GlobalSection(SolutionConfigurationPlatforms) = preSolution
		Debug|Any CPU = Debug|Any CPU
	EndGlobalSection
	GlobalSection(ProjectConfigurationPlatforms) = postSolution
		{0c44eab6-115f-9d78-bc8f-6937dd9fe2ea}.Debug|Any CPU.ActiveCfg = Debug|Any CPU
		{0c44eab6-115f-9d78-bc8f-6937dd9fe2ea}.Debug|Any CPU.Build.0 = Debug|Any CPU
		{8af1a16a-de03-0ab5-0cbc-58e3af48eea5}.Debug|Any CPU.ActiveCfg = Debug|Any CPU
		{8af1a16a-de03-0ab5-0cbc-58e3af48eea5}.Debug|Any CPU.Build.0 = Debug|Any CPU
	EndGlobalSection
	GlobalSection(SolutionProperties) = preSolution
		HideSolutionNode = FALSE
	EndGlobalSection
EndGlobal
